
Microsoft Visual Studio Solution File, Format Version 12.00
# Visual Studio Version 16
VisualStudioVersion = 16.0.29613.14
MinimumVisualStudioVersion = 10.0.40219.1
Project("{FAE04EC0-301F-11D3-BF4B-00C04F79EFBC}") = "HappyLunarNewYear2020", "HappyLunarNewYear2020.csproj", "{EDBE342B-F591-489B-B61C-8C59AE16D9A2}"
EndProject
Global
	GlobalSection(SolutionConfigurationPlatforms) = preSolution
		Debug|Any CPU = Debug|Any CPU
		Release|Any CPU = Release|Any CPU
	EndGlobalSection
	GlobalSection(ProjectConfigurationPlatforms) = postSolution
		{EDBE342B-F591-489B-B61C-8C59AE16D9A2}.Debug|Any CPU.ActiveCfg = Debug|Any CPU
		{EDBE342B-F591-489B-B61C-8C59AE16D9A2}.Debug|Any CPU.Build.0 = Debug|Any CPU
		{EDBE342B-F591-489B-B61C-8C59AE16D9A2}.Release|Any CPU.ActiveCfg = Release|Any CPU
		{EDBE342B-F591-489B-B61C-8C59AE16D9A2}.Release|Any CPU.Build.0 = Release|Any CPU
	EndGlobalSection
	GlobalSection(SolutionProperties) = preSolution
		HideSolutionNode = FALSE
	EndGlobalSection
	GlobalSection(ExtensibilityGlobals) = postSolution
		SolutionGuid = {A06CEEE9-DB60-410C-8AA1-56B8415A365F}
	EndGlobalSection
EndGlobal
